
Microsoft Visual Studio Solution File, Format Version 11.00
# Visual Studio 2010
Project("{FAE04EC0-301F-11D3-BF4B-00C04F79EFBC}") = "BrightcoveOS .NET-MAPI-Wrapper", "source\BrightcoveOS .NET-MAPI-Wrapper\BrightcoveOS .NET-MAPI-Wrapper.csproj", "{EAD350C8-FFED-40E2-AE86-182C71B585DF}"
EndProject
Project("{FAE04EC0-301F-11D3-BF4B-00C04F79EFBC}") = "BrightcoveOS .NET-MAPI-Wrapper.Tests", "tests\BrightcoveOS .NET-MAPI-Wrapper.Tests\BrightcoveOS .NET-MAPI-Wrapper.Tests.csproj", "{55E43500-DED9-49BC-B217-215770DB8A56}"
EndProject
Global
	GlobalSection(SolutionConfigurationPlatforms) = preSolution
		Debug|Any CPU = Debug|Any CPU
		Release|Any CPU = Release|Any CPU
	EndGlobalSection
	GlobalSection(ProjectConfigurationPlatforms) = postSolution
		{EAD350C8-FFED-40E2-AE86-182C71B585DF}.Debug|Any CPU.ActiveCfg = Debug|Any CPU
		{EAD350C8-FFED-40E2-AE86-182C71B585DF}.Debug|Any CPU.Build.0 = Debug|Any CPU
		{EAD350C8-FFED-40E2-AE86-182C71B585DF}.Release|Any CPU.ActiveCfg = Release|Any CPU
		{EAD350C8-FFED-40E2-AE86-182C71B585DF}.Release|Any CPU.Build.0 = Release|Any CPU
		{55E43500-DED9-49BC-B217-215770DB8A56}.Debug|Any CPU.ActiveCfg = Debug|Any CPU
		{55E43500-DED9-49BC-B217-215770DB8A56}.Debug|Any CPU.Build.0 = Debug|Any CPU
		{55E43500-DED9-49BC-B217-215770DB8A56}.Release|Any CPU.ActiveCfg = Release|Any CPU
		{55E43500-DED9-49BC-B217-215770DB8A56}.Release|Any CPU.Build.0 = Release|Any CPU
	EndGlobalSection
	GlobalSection(SolutionProperties) = preSolution
		HideSolutionNode = FALSE
	EndGlobalSection
EndGlobal
